<?xml version="1.0" encoding="utf-8"?>
<Project ToolsVersion="4.0" xmlns="http://schemas.microsoft.com/developer/msbuild/2003">
  <ItemGroup>
    <Filter Include="include">
      <UniqueIdentifier>{b5f03867-98d4-4448-befc-53a75d0e546e}</UniqueIdentifier>
    </Filter>
  </ItemGroup>
  <ItemGroup>
    <ClCompile Include="main.cpp" />
    <ClCompile Include="..\include\ccgt_aead.cpp">
      <Filter>include</Filter>
    </ClCompile>
    <ClCompile Include="..\include\ccgt_chacha20.cpp">
      <Filter>include</Filter>
    </ClCompile>
    <ClCompile Include="..\include\ccgt_nonce.cpp">
      <Filter>include</Filter>
    </ClCompile>
    <ClCompile Include="..\include\ccgt_poly1305.cpp">
      <Filter>include</Filter>
    </ClCompile>
  </ItemGroup>
  <ItemGroup>
    <ClInclude Include="..\include\ccgt_aead.h">
      <Filter>include</Filter>
    </ClInclude>
    <ClInclude Include="..\include\ccgt_chacha20.h">
      <Filter>include</Filter>
    </ClInclude>
    <ClInclude Include="..\include\ccgt_endian.h">
      <Filter>include</Filter>
    </ClInclude>
    <ClInclude Include="..\include\ccgt_nonce.h">
      <Filter>include</Filter>
    </ClInclude>
    <ClInclude Include="..\include\ccgt_poly1305.h">
      <Filter>include</Filter>
    </ClInclude>
    <ClInclude Include="..\include\ccgt_runtime.h">
      <Filter>include</Filter>
    </ClInclude>
    <ClInclude Include="..\include\ccgt_secure.h">
      <Filter>include</Filter>
    </ClInclude>
  </ItemGroup>
</Project>