<?xml version="1.0" encoding="utf-8"?>
<Project ToolsVersion="4.0" xmlns="http://schemas.microsoft.com/developer/msbuild/2003">
  <ItemGroup>
    <Filter Include="Resource Files">
      <UniqueIdentifier>{67DA6AB6-F800-4c08-8B7A-83BB121AAD01}</UniqueIdentifier>
      <Extensions>rc;ico;cur;bmp;dlg;rc2;rct;bin;rgs;gif;jpg;jpeg;jpe;resx;tiff;tif;png;wav;mfcribbon-ms</Extensions>
    </Filter>
    <Filter Include="container">
      <UniqueIdentifier>{4FC737F1-C7A5-4376-A066-2A32D752A2FF}</UniqueIdentifier>
      <Extensions>cpp;c;cc;cxx;c++;cppm;ixx;def;odl;idl;hpj;bat;asm;asmx</Extensions>
    </Filter>
    <Filter Include="include">
      <UniqueIdentifier>{93995380-89BD-4b04-88EB-625FBE52EBFB}</UniqueIdentifier>
      <Extensions>h;hh;hpp;hxx;h++;hm;inl;inc;ipp;xsd</Extensions>
    </Filter>
  </ItemGroup>
  <ItemGroup>
    <ClInclude Include="include\ccgt_runtime.h">
      <Filter>include</Filter>
    </ClInclude>
    <ClInclude Include="src\ccgt.h">
      <Filter>container</Filter>
    </ClInclude>
    <ClInclude Include="src\strings.h">
      <Filter>container</Filter>
    </ClInclude>
    <ClInclude Include="include\ccgt_aead.h">
      <Filter>include</Filter>
    </ClInclude>
    <ClInclude Include="include\ccgt_chacha20.h">
      <Filter>include</Filter>
    </ClInclude>
    <ClInclude Include="include\ccgt_endian.h">
      <Filter>include</Filter>
    </ClInclude>
    <ClInclude Include="include\ccgt_nonce.h">
      <Filter>include</Filter>
    </ClInclude>
    <ClInclude Include="include\ccgt_poly1305.h">
      <Filter>include</Filter>
    </ClInclude>
    <ClInclude Include="include\ccgt_secure.h">
      <Filter>include</Filter>
    </ClInclude>
    <ClInclude Include="include\ccgt_meta.h">
      <Filter>include</Filter>
    </ClInclude>
    <ClInclude Include="include\ccgt_sig_pub.h">
      <Filter>include</Filter>
    </ClInclude>
    <ClInclude Include="src\ccgt_sig_priv.h">
      <Filter>container</Filter>
    </ClInclude>
  </ItemGroup>
  <ItemGroup>
    <ClCompile Include="src\ccgt.cpp">
      <Filter>container</Filter>
    </ClCompile>
    <ClCompile Include="src\main.cc">
      <Filter>container</Filter>
    </ClCompile>
    <ClCompile Include="src\strings.cpp">
      <Filter>container</Filter>
    </ClCompile>
    <ClCompile Include="include\ccgt_aead.cpp">
      <Filter>include</Filter>
    </ClCompile>
    <ClCompile Include="include\ccgt_chacha20.cpp">
      <Filter>include</Filter>
    </ClCompile>
    <ClCompile Include="include\ccgt_nonce.cpp">
      <Filter>include</Filter>
    </ClCompile>
    <ClCompile Include="include\ccgt_poly1305.cpp">
      <Filter>include</Filter>
    </ClCompile>
  </ItemGroup>
</Project>